{
  "name": "DbPromise",
  "version": "0.1.0",
  "lockfileVersion": 1,
  "requires": true,
  "dependencies": {
    "formidable": {
      "version": "1.2.1",
      "resolved": "https://registry.npmjs.org/formidable/-/formidable-1.2.1.tgz",
      "integrity": "sha512-Fs9VRguL0gqGHkXS5GQiMCr1VhZBxz0JnJs4JmMp/2jL18Fmbzvv7vOFRU+U8TBkHEE/CX1qDXzJplVULgsLeg=="
    },
    "minihttp": {
      "version": "0.1.4",
      "resolved": "https://registry.npmjs.org/minihttp/-/minihttp-0.1.4.tgz",
      "integrity": "sha512-p3YnlRi5ldaIpUXRJqo8kBWok24baKA1d5sHXChLUJwUL3/xOLuloA/E6U21XW5DyJjH4mOT1H3849kiaCWobg==",
      "requires": {
        "formidable": ">=1.0.x"
      }
    }
  }
}
